{
  "name": "libs",
  "lockfileVersion": 3,
  "requires": true,
  "packages": {
    "": {
      "dependencies": {
        "checkboxland": "^1.5.0"
      }
    },
    "node_modules/checkboxland": {
      "version": "1.5.0",
      "resolved": "https://registry.npmjs.org/checkboxland/-/checkboxland-1.5.0.tgz",
      "integrity": "sha512-f2PJdN1r9QFYwIu1qBj3d1fH2toD8uD8FuEnXv5M+EKw8h1sjEkAYnzM+TWu4Gz1j1f1ye+GTvj2y3xitQxFAw=="
    }
  }
}
